
Microsoft Visual Studio Solution File, Format Version 12.00
# Visual Studio 15
VisualStudioVersion = 15.0.27703.2042
MinimumVisualStudioVersion = 10.0.40219.1
Project("{FAE04EC0-301F-11D3-BF4B-00C04F79EFBC}") = "TAScheduler", "TAScheduler\TAScheduler.csproj", "{BFED7603-853F-40D5-9E7E-C9D4A9E37532}"
EndProject
Project("{FAE04EC0-301F-11D3-BF4B-00C04F79EFBC}") = "Teaching_Assistant", "Teaching_Assistant\Teaching_Assistant.csproj", "{4E12FF3C-A948-4744-AD20-0F8329EDD751}"
EndProject
Project("{FAE04EC0-301F-11D3-BF4B-00C04F79EFBC}") = "Controller", "Controller\Controller.csproj", "{3E15B1C9-2F2C-435C-8721-A4C264DD35BB}"
EndProject
Global
	GlobalSection(SolutionConfigurationPlatforms) = preSolution
		Debug|Any CPU = Debug|Any CPU
		Release|Any CPU = Release|Any CPU
	EndGlobalSection
	GlobalSection(ProjectConfigurationPlatforms) = postSolution
		{BFED7603-853F-40D5-9E7E-C9D4A9E37532}.Debug|Any CPU.ActiveCfg = Debug|Any CPU
		{BFED7603-853F-40D5-9E7E-C9D4A9E37532}.Debug|Any CPU.Build.0 = Debug|Any CPU
		{BFED7603-853F-40D5-9E7E-C9D4A9E37532}.Release|Any CPU.ActiveCfg = Release|Any CPU
		{BFED7603-853F-40D5-9E7E-C9D4A9E37532}.Release|Any CPU.Build.0 = Release|Any CPU
		{4E12FF3C-A948-4744-AD20-0F8329EDD751}.Debug|Any CPU.ActiveCfg = Debug|Any CPU
		{4E12FF3C-A948-4744-AD20-0F8329EDD751}.Debug|Any CPU.Build.0 = Debug|Any CPU
		{4E12FF3C-A948-4744-AD20-0F8329EDD751}.Release|Any CPU.ActiveCfg = Release|Any CPU
		{4E12FF3C-A948-4744-AD20-0F8329EDD751}.Release|Any CPU.Build.0 = Release|Any CPU
		{3E15B1C9-2F2C-435C-8721-A4C264DD35BB}.Debug|Any CPU.ActiveCfg = Debug|Any CPU
		{3E15B1C9-2F2C-435C-8721-A4C264DD35BB}.Debug|Any CPU.Build.0 = Debug|Any CPU
		{3E15B1C9-2F2C-435C-8721-A4C264DD35BB}.Release|Any CPU.ActiveCfg = Release|Any CPU
		{3E15B1C9-2F2C-435C-8721-A4C264DD35BB}.Release|Any CPU.Build.0 = Release|Any CPU
	EndGlobalSection
	GlobalSection(SolutionProperties) = preSolution
		HideSolutionNode = FALSE
	EndGlobalSection
	GlobalSection(ExtensibilityGlobals) = postSolution
		SolutionGuid = {BD6CD17A-6D96-4B5C-AC18-49B7BEB9341F}
	EndGlobalSection
EndGlobal
